
Microsoft Visual Studio Solution File, Format Version 12.00
# Visual Studio Version 16
VisualStudioVersion = 16.0.30517.126
MinimumVisualStudioVersion = 10.0.40219.1
Project("{FAE04EC0-301F-11D3-BF4B-00C04F79EFBC}") = "FoodStock", "FoodStock.csproj", "{06C79620-8547-4896-9D6F-C4D8E7FA3AB9}"
EndProject
Global
	GlobalSection(SolutionConfigurationPlatforms) = preSolution
		Debug|Any CPU = Debug|Any CPU
		Release|Any CPU = Release|Any CPU
	EndGlobalSection
	GlobalSection(ProjectConfigurationPlatforms) = postSolution
		{06C79620-8547-4896-9D6F-C4D8E7FA3AB9}.Debug|Any CPU.ActiveCfg = Debug|Any CPU
		{06C79620-8547-4896-9D6F-C4D8E7FA3AB9}.Debug|Any CPU.Build.0 = Debug|Any CPU
		{06C79620-8547-4896-9D6F-C4D8E7FA3AB9}.Release|Any CPU.ActiveCfg = Release|Any CPU
		{06C79620-8547-4896-9D6F-C4D8E7FA3AB9}.Release|Any CPU.Build.0 = Release|Any CPU
	EndGlobalSection
	GlobalSection(SolutionProperties) = preSolution
		HideSolutionNode = FALSE
	EndGlobalSection
	GlobalSection(ExtensibilityGlobals) = postSolution
		SolutionGuid = {C006754D-7B77-4807-AB1A-A344DEA58ECC}
	EndGlobalSection
EndGlobal
